github.com/rhammond-beep/advent-of-code-go-helper v0.2.0 h1:OsPKQAuJzGQltWH9CNZ411rSntA7bfigWmBmZgWUCa4=
github.com/rhammond-beep/advent-of-code-go-helper v0.2.0/go.mod h1:+/Myzh9z4OJnYUpoSBkV6i/4teZM4EqwGFYQVHLEv18=
github.com/rhammond-beep/stack v0.1.0 h1:+s82ts9W/7CcLJhMpYndQXnfxQcrweTWAiho6pxqIyI=
github.com/rhammond-beep/stack v0.1.0/go.mod h1:bN7jB2KDLAyt/Lx9V70Ok6LBOWmnQt8RS65ksl4MnfI=
